
Microsoft Visual Studio Solution File, Format Version 12.00
# Visual Studio 15
VisualStudioVersion = 15.0.28307.168
MinimumVisualStudioVersion = 10.0.40219.1
Project("{FAE04EC0-301F-11D3-BF4B-00C04F79EFBC}") = "spinningcircles-framebased", "spinningcircles-framebased\spinningcircles-framebased.csproj", "{131F4BEB-CEF8-4C1D-8BA9-550D36DFF31E}"
EndProject
Project("{54435603-DBB4-11D2-8724-00A0C9A8B90C}") = "Setup", "Setup\Setup.vdproj", "{AB6616A4-C1C9-47EC-B2AB-0EB8AB5B309C}"
EndProject
Global
	GlobalSection(SolutionConfigurationPlatforms) = preSolution
		Debug|Any CPU = Debug|Any CPU
		Release|Any CPU = Release|Any CPU
	EndGlobalSection
	GlobalSection(ProjectConfigurationPlatforms) = postSolution
		{131F4BEB-CEF8-4C1D-8BA9-550D36DFF31E}.Debug|Any CPU.ActiveCfg = Debug|Any CPU
		{131F4BEB-CEF8-4C1D-8BA9-550D36DFF31E}.Debug|Any CPU.Build.0 = Debug|Any CPU
		{131F4BEB-CEF8-4C1D-8BA9-550D36DFF31E}.Release|Any CPU.ActiveCfg = Release|Any CPU
		{131F4BEB-CEF8-4C1D-8BA9-550D36DFF31E}.Release|Any CPU.Build.0 = Release|Any CPU
		{AB6616A4-C1C9-47EC-B2AB-0EB8AB5B309C}.Debug|Any CPU.ActiveCfg = Debug
		{AB6616A4-C1C9-47EC-B2AB-0EB8AB5B309C}.Release|Any CPU.ActiveCfg = Release
	EndGlobalSection
	GlobalSection(SolutionProperties) = preSolution
		HideSolutionNode = FALSE
	EndGlobalSection
	GlobalSection(ExtensibilityGlobals) = postSolution
		SolutionGuid = {2F0F2DCD-9069-403B-A537-01BA0FE0502A}
	EndGlobalSection
EndGlobal
